
Microsoft Visual Studio Solution File, Format Version 12.00
# Visual Studio 14
VisualStudioVersion = 14.0.25420.1
MinimumVisualStudioVersion = 10.0.40219.1
Project("{8BC9CEB8-8B4A-11D0-8D11-00A0C91BC942}") = "APlusB", "APlusB\APlusB.vcxproj", "{C1793BE3-8A3B-42BA-A18F-6BC68002465C}"
EndProject
Project("{8BC9CEB8-8B4A-11D0-8D11-00A0C91BC942}") = "MaxPairwiseProduct", "MaxPairwiseProduct\MaxPairwiseProduct.vcxproj", "{2CCD82ED-78FE-418A-824A-EC5BC6F329C7}"
EndProject
Project("{8BC9CEB8-8B4A-11D0-8D11-00A0C91BC942}") = "SmallFibonacci", "SmallFibonacci\SmallFibonacci.vcxproj", "{DF8740A6-8D5D-4C70-BD32-2D6E03E5CE08}"
EndProject
Project("{8BC9CEB8-8B4A-11D0-8D11-00A0C91BC942}") = "LastDigitFibonacci", "LastDigitFibonacci\LastDigitFibonacci.vcxproj", "{4BC94603-0161-4B96-8AE7-A649A80B67BC}"
EndProject
Global
	GlobalSection(SolutionConfigurationPlatforms) = preSolution
		Debug|x64 = Debug|x64
		Debug|x86 = Debug|x86
		Release|x64 = Release|x64
		Release|x86 = Release|x86
	EndGlobalSection
	GlobalSection(ProjectConfigurationPlatforms) = postSolution
		{C1793BE3-8A3B-42BA-A18F-6BC68002465C}.Debug|x64.ActiveCfg = Debug|x64
		{C1793BE3-8A3B-42BA-A18F-6BC68002465C}.Debug|x64.Build.0 = Debug|x64
		{C1793BE3-8A3B-42BA-A18F-6BC68002465C}.Debug|x86.ActiveCfg = Debug|Win32
		{C1793BE3-8A3B-42BA-A18F-6BC68002465C}.Debug|x86.Build.0 = Debug|Win32
		{C1793BE3-8A3B-42BA-A18F-6BC68002465C}.Release|x64.ActiveCfg = Release|x64
		{C1793BE3-8A3B-42BA-A18F-6BC68002465C}.Release|x64.Build.0 = Release|x64
		{C1793BE3-8A3B-42BA-A18F-6BC68002465C}.Release|x86.ActiveCfg = Release|Win32
		{C1793BE3-8A3B-42BA-A18F-6BC68002465C}.Release|x86.Build.0 = Release|Win32
		{2CCD82ED-78FE-418A-824A-EC5BC6F329C7}.Debug|x64.ActiveCfg = Debug|x64
		{2CCD82ED-78FE-418A-824A-EC5BC6F329C7}.Debug|x64.Build.0 = Debug|x64
		{2CCD82ED-78FE-418A-824A-EC5BC6F329C7}.Debug|x86.ActiveCfg = Debug|Win32
		{2CCD82ED-78FE-418A-824A-EC5BC6F329C7}.Debug|x86.Build.0 = Debug|Win32
		{2CCD82ED-78FE-418A-824A-EC5BC6F329C7}.Release|x64.ActiveCfg = Release|x64
		{2CCD82ED-78FE-418A-824A-EC5BC6F329C7}.Release|x64.Build.0 = Release|x64
		{2CCD82ED-78FE-418A-824A-EC5BC6F329C7}.Release|x86.ActiveCfg = Release|Win32
		{2CCD82ED-78FE-418A-824A-EC5BC6F329C7}.Release|x86.Build.0 = Release|Win32
		{DF8740A6-8D5D-4C70-BD32-2D6E03E5CE08}.Debug|x64.ActiveCfg = Debug|x64
		{DF8740A6-8D5D-4C70-BD32-2D6E03E5CE08}.Debug|x64.Build.0 = Debug|x64
		{DF8740A6-8D5D-4C70-BD32-2D6E03E5CE08}.Debug|x86.ActiveCfg = Debug|Win32
		{DF8740A6-8D5D-4C70-BD32-2D6E03E5CE08}.Debug|x86.Build.0 = Debug|Win32
		{DF8740A6-8D5D-4C70-BD32-2D6E03E5CE08}.Release|x64.ActiveCfg = Release|x64
		{DF8740A6-8D5D-4C70-BD32-2D6E03E5CE08}.Release|x64.Build.0 = Release|x64
		{DF8740A6-8D5D-4C70-BD32-2D6E03E5CE08}.Release|x86.ActiveCfg = Release|Win32
		{DF8740A6-8D5D-4C70-BD32-2D6E03E5CE08}.Release|x86.Build.0 = Release|Win32
		{4BC94603-0161-4B96-8AE7-A649A80B67BC}.Debug|x64.ActiveCfg = Debug|x64
		{4BC94603-0161-4B96-8AE7-A649A80B67BC}.Debug|x64.Build.0 = Debug|x64
		{4BC94603-0161-4B96-8AE7-A649A80B67BC}.Debug|x86.ActiveCfg = Debug|Win32
		{4BC94603-0161-4B96-8AE7-A649A80B67BC}.Debug|x86.Build.0 = Debug|Win32
		{4BC94603-0161-4B96-8AE7-A649A80B67BC}.Release|x64.ActiveCfg = Release|x64
		{4BC94603-0161-4B96-8AE7-A649A80B67BC}.Release|x64.Build.0 = Release|x64
		{4BC94603-0161-4B96-8AE7-A649A80B67BC}.Release|x86.ActiveCfg = Release|Win32
		{4BC94603-0161-4B96-8AE7-A649A80B67BC}.Release|x86.Build.0 = Release|Win32
	EndGlobalSection
	GlobalSection(SolutionProperties) = preSolution
		HideSolutionNode = FALSE
	EndGlobalSection
EndGlobal
